
Microsoft Visual Studio Solution File, Format Version 12.00
# Visual Studio Version 16
VisualStudioVersion = 16.0.33130.400
MinimumVisualStudioVersion = 10.0.40219.1
Project("{9A19103F-16F7-4668-BE54-9A1E7A4F7556}") = "cah264_mission09", "cah264_mission09.csproj", "{F1C9DB3D-48F6-4170-B0DE-7D813D035177}"
EndProject
Global
	GlobalSection(SolutionConfigurationPlatforms) = preSolution
		Debug|Any CPU = Debug|Any CPU
		Release|Any CPU = Release|Any CPU
	EndGlobalSection
	GlobalSection(ProjectConfigurationPlatforms) = postSolution
		{F1C9DB3D-48F6-4170-B0DE-7D813D035177}.Debug|Any CPU.ActiveCfg = Debug|Any CPU
		{F1C9DB3D-48F6-4170-B0DE-7D813D035177}.Debug|Any CPU.Build.0 = Debug|Any CPU
		{F1C9DB3D-48F6-4170-B0DE-7D813D035177}.Release|Any CPU.ActiveCfg = Release|Any CPU
		{F1C9DB3D-48F6-4170-B0DE-7D813D035177}.Release|Any CPU.Build.0 = Release|Any CPU
	EndGlobalSection
	GlobalSection(SolutionProperties) = preSolution
		HideSolutionNode = FALSE
	EndGlobalSection
	GlobalSection(ExtensibilityGlobals) = postSolution
		SolutionGuid = {A84953A4-E7EF-464B-87DB-DE1C182F148E}
	EndGlobalSection
EndGlobal
